{
  "name": "react",
  "lockfileVersion": 2,
  "requires": true,
  "packages": {
    "": {
      "dependencies": {
        "htm": "^3.1.0"
      }
    },
    "node_modules/htm": {
      "version": "3.1.0",
      "resolved": "https://registry.npmjs.org/htm/-/htm-3.1.0.tgz",
      "integrity": "sha512-L0s3Sid5r6YwrEvkig14SK3Emmc+kIjlfLhEGn2Vy3bk21JyDEes4MoDsbJk6luaPp8bugErnxPz86ZuAw6e5Q=="
    }
  },
  "dependencies": {
    "htm": {
      "version": "3.1.0",
      "resolved": "https://registry.npmjs.org/htm/-/htm-3.1.0.tgz",
      "integrity": "sha512-L0s3Sid5r6YwrEvkig14SK3Emmc+kIjlfLhEGn2Vy3bk21JyDEes4MoDsbJk6luaPp8bugErnxPz86ZuAw6e5Q=="
    }
  }
}
